
Microsoft Visual Studio Solution File, Format Version 12.00
# Visual Studio Version 16
VisualStudioVersion = 16.0.30907.101
MinimumVisualStudioVersion = 10.0.40219.1
Project("{9A19103F-16F7-4668-BE54-9A1E7A4F7556}") = "EmailDetectionService", "EmailDetectionService\EmailDetectionService.csproj", "{F36A134F-EFE0-47A0-88B3-3410A35A6BEB}"
EndProject
Project("{00D1A9C2-B5F0-4AF3-8072-F6C62B433612}") = "EDSDatabase", "EDSDatabase\EDSDatabase.sqlproj", "{C60A136E-3748-4B8E-9C43-01736242FF28}"
EndProject
Project("{9A19103F-16F7-4668-BE54-9A1E7A4F7556}") = "EmailDetectionServiceTetsts", "EmailDetectionServiceTetsts\EmailDetectionServiceTetsts.csproj", "{6AE84F0E-09CA-4402-BC27-7729130F7964}"
EndProject
Global
	GlobalSection(SolutionConfigurationPlatforms) = preSolution
		Debug|Any CPU = Debug|Any CPU
		Release|Any CPU = Release|Any CPU
	EndGlobalSection
	GlobalSection(ProjectConfigurationPlatforms) = postSolution
		{F36A134F-EFE0-47A0-88B3-3410A35A6BEB}.Debug|Any CPU.ActiveCfg = Debug|Any CPU
		{F36A134F-EFE0-47A0-88B3-3410A35A6BEB}.Debug|Any CPU.Build.0 = Debug|Any CPU
		{F36A134F-EFE0-47A0-88B3-3410A35A6BEB}.Release|Any CPU.ActiveCfg = Release|Any CPU
		{F36A134F-EFE0-47A0-88B3-3410A35A6BEB}.Release|Any CPU.Build.0 = Release|Any CPU
		{C60A136E-3748-4B8E-9C43-01736242FF28}.Debug|Any CPU.ActiveCfg = Debug|Any CPU
		{C60A136E-3748-4B8E-9C43-01736242FF28}.Debug|Any CPU.Build.0 = Debug|Any CPU
		{C60A136E-3748-4B8E-9C43-01736242FF28}.Debug|Any CPU.Deploy.0 = Debug|Any CPU
		{C60A136E-3748-4B8E-9C43-01736242FF28}.Release|Any CPU.ActiveCfg = Release|Any CPU
		{C60A136E-3748-4B8E-9C43-01736242FF28}.Release|Any CPU.Build.0 = Release|Any CPU
		{C60A136E-3748-4B8E-9C43-01736242FF28}.Release|Any CPU.Deploy.0 = Release|Any CPU
		{6AE84F0E-09CA-4402-BC27-7729130F7964}.Debug|Any CPU.ActiveCfg = Debug|Any CPU
		{6AE84F0E-09CA-4402-BC27-7729130F7964}.Debug|Any CPU.Build.0 = Debug|Any CPU
		{6AE84F0E-09CA-4402-BC27-7729130F7964}.Release|Any CPU.ActiveCfg = Release|Any CPU
		{6AE84F0E-09CA-4402-BC27-7729130F7964}.Release|Any CPU.Build.0 = Release|Any CPU
	EndGlobalSection
	GlobalSection(SolutionProperties) = preSolution
		HideSolutionNode = FALSE
	EndGlobalSection
	GlobalSection(ExtensibilityGlobals) = postSolution
		SolutionGuid = {BEE3D478-CC2D-463D-BC31-C1DA0712A05D}
	EndGlobalSection
EndGlobal
